
Microsoft Visual Studio Solution File, Format Version 12.00
# Visual Studio 15
VisualStudioVersion = 15.0.27703.2026
MinimumVisualStudioVersion = 10.0.40219.1
Project("{FAE04EC0-301F-11D3-BF4B-00C04F79EFBC}") = "BlazorApp", "BlazorApp\BlazorApp.csproj", "{5DFD4AC6-4158-45E5-88CA-BD3BADEBB965}"
EndProject
Global
	GlobalSection(SolutionConfigurationPlatforms) = preSolution
		Debug|Any CPU = Debug|Any CPU
		Release|Any CPU = Release|Any CPU
	EndGlobalSection
	GlobalSection(ProjectConfigurationPlatforms) = postSolution
		{5DFD4AC6-4158-45E5-88CA-BD3BADEBB965}.Debug|Any CPU.ActiveCfg = Debug|Any CPU
		{5DFD4AC6-4158-45E5-88CA-BD3BADEBB965}.Debug|Any CPU.Build.0 = Debug|Any CPU
		{5DFD4AC6-4158-45E5-88CA-BD3BADEBB965}.Release|Any CPU.ActiveCfg = Release|Any CPU
		{5DFD4AC6-4158-45E5-88CA-BD3BADEBB965}.Release|Any CPU.Build.0 = Release|Any CPU
	EndGlobalSection
	GlobalSection(SolutionProperties) = preSolution
		HideSolutionNode = FALSE
	EndGlobalSection
	GlobalSection(ExtensibilityGlobals) = postSolution
		SolutionGuid = {FC057733-7C15-4401-AA40-7E45D6187E14}
	EndGlobalSection
EndGlobal
